
Microsoft Visual Studio Solution File, Format Version 12.00
# Visual Studio 15
VisualStudioVersion = 15.0.26730.15
MinimumVisualStudioVersion = 10.0.40219.1
Project("{FAE04EC0-301F-11D3-BF4B-00C04F79EFBC}") = "MonikAIBot", "MonikAIBot\MonikAIBot.csproj", "{49AEF9FB-065C-4A95-98AC-131C3E133E88}"
EndProject
Global
	GlobalSection(SolutionConfigurationPlatforms) = preSolution
		Debug|Any CPU = Debug|Any CPU
		Release|Any CPU = Release|Any CPU
	EndGlobalSection
	GlobalSection(ProjectConfigurationPlatforms) = postSolution
		{49AEF9FB-065C-4A95-98AC-131C3E133E88}.Debug|Any CPU.ActiveCfg = Debug|Any CPU
		{49AEF9FB-065C-4A95-98AC-131C3E133E88}.Debug|Any CPU.Build.0 = Debug|Any CPU
		{49AEF9FB-065C-4A95-98AC-131C3E133E88}.Release|Any CPU.ActiveCfg = Release|Any CPU
		{49AEF9FB-065C-4A95-98AC-131C3E133E88}.Release|Any CPU.Build.0 = Release|Any CPU
	EndGlobalSection
	GlobalSection(SolutionProperties) = preSolution
		HideSolutionNode = FALSE
	EndGlobalSection
	GlobalSection(ExtensibilityGlobals) = postSolution
		SolutionGuid = {2430F402-C3E0-4402-8341-E94A03FCCD2F}
	EndGlobalSection
EndGlobal
